
Microsoft Visual Studio Solution File, Format Version 12.00
Project("{2150E333-8FDC-42A3-9474-1A3956D46DE8}") = "src", "src", "{41BC54EC-CB94-4945-9A91-DA74698A0F1F}"
EndProject
Project("{FAE04EC0-301F-11D3-BF4B-00C04F79EFBC}") = "AuditSharp.Core", "src\AuditSharp.Core\AuditSharp.Core.csproj", "{8776F127-E240-48DA-ABF8-3163D64E100D}"
EndProject
Project("{FAE04EC0-301F-11D3-BF4B-00C04F79EFBC}") = "AuditSharp.EntityFrameworkCore", "src\AuditSharp.EntityFrameworkCore\AuditSharp.EntityFrameworkCore.csproj", "{1A22120C-9D62-4A6F-9782-C45876444CC0}"
EndProject
Project("{FAE04EC0-301F-11D3-BF4B-00C04F79EFBC}") = "AuditSharp.PostgreSql", "src\AuditSharp.PostgreSql\AuditSharp.PostgreSql.csproj", "{333108FB-B1BF-4C42-A8BA-87254AC37AE9}"
EndProject
Project("{2150E333-8FDC-42A3-9474-1A3956D46DE8}") = "sample", "sample", "{DCDBFE60-44D2-4C58-B1DA-FD5A31602143}"
EndProject
Project("{FAE04EC0-301F-11D3-BF4B-00C04F79EFBC}") = "AuditSharp.Sample.PostgreSql", "..\sample\AuditSharp.Sample.PostgreSql\AuditSharp.Sample.PostgreSql.csproj", "{96CFEAAA-336D-4021-86BE-901EE1F97DF5}"
EndProject
Global
	GlobalSection(SolutionConfigurationPlatforms) = preSolution
		Debug|Any CPU = Debug|Any CPU
		Release|Any CPU = Release|Any CPU
	EndGlobalSection
	GlobalSection(NestedProjects) = preSolution
		{8776F127-E240-48DA-ABF8-3163D64E100D} = {41BC54EC-CB94-4945-9A91-DA74698A0F1F}
		{1A22120C-9D62-4A6F-9782-C45876444CC0} = {41BC54EC-CB94-4945-9A91-DA74698A0F1F}
		{333108FB-B1BF-4C42-A8BA-87254AC37AE9} = {41BC54EC-CB94-4945-9A91-DA74698A0F1F}
		{96CFEAAA-336D-4021-86BE-901EE1F97DF5} = {DCDBFE60-44D2-4C58-B1DA-FD5A31602143}
	EndGlobalSection
	GlobalSection(ProjectConfigurationPlatforms) = postSolution
		{8776F127-E240-48DA-ABF8-3163D64E100D}.Debug|Any CPU.ActiveCfg = Debug|Any CPU
		{8776F127-E240-48DA-ABF8-3163D64E100D}.Debug|Any CPU.Build.0 = Debug|Any CPU
		{8776F127-E240-48DA-ABF8-3163D64E100D}.Release|Any CPU.ActiveCfg = Release|Any CPU
		{8776F127-E240-48DA-ABF8-3163D64E100D}.Release|Any CPU.Build.0 = Release|Any CPU
		{1A22120C-9D62-4A6F-9782-C45876444CC0}.Debug|Any CPU.ActiveCfg = Debug|Any CPU
		{1A22120C-9D62-4A6F-9782-C45876444CC0}.Debug|Any CPU.Build.0 = Debug|Any CPU
		{1A22120C-9D62-4A6F-9782-C45876444CC0}.Release|Any CPU.ActiveCfg = Release|Any CPU
		{1A22120C-9D62-4A6F-9782-C45876444CC0}.Release|Any CPU.Build.0 = Release|Any CPU
		{333108FB-B1BF-4C42-A8BA-87254AC37AE9}.Debug|Any CPU.ActiveCfg = Debug|Any CPU
		{333108FB-B1BF-4C42-A8BA-87254AC37AE9}.Debug|Any CPU.Build.0 = Debug|Any CPU
		{333108FB-B1BF-4C42-A8BA-87254AC37AE9}.Release|Any CPU.ActiveCfg = Release|Any CPU
		{333108FB-B1BF-4C42-A8BA-87254AC37AE9}.Release|Any CPU.Build.0 = Release|Any CPU
		{96CFEAAA-336D-4021-86BE-901EE1F97DF5}.Debug|Any CPU.ActiveCfg = Debug|Any CPU
		{96CFEAAA-336D-4021-86BE-901EE1F97DF5}.Debug|Any CPU.Build.0 = Debug|Any CPU
		{96CFEAAA-336D-4021-86BE-901EE1F97DF5}.Release|Any CPU.ActiveCfg = Release|Any CPU
		{96CFEAAA-336D-4021-86BE-901EE1F97DF5}.Release|Any CPU.Build.0 = Release|Any CPU
	EndGlobalSection
EndGlobal
